
Microsoft Visual Studio Solution File, Format Version 12.00
# Visual Studio Version 18
VisualStudioVersion = 18.4.11605.240 stable
MinimumVisualStudioVersion = 10.0.40219.1
Project("{FAE04EC0-301F-11D3-BF4B-00C04F79EFBC}") = "MoreSaves", "MoreSaves.csproj", "{37E7EBF0-943D-9F05-8EEA-ECD09B7CC68E}"
EndProject
Global
	GlobalSection(SolutionConfigurationPlatforms) = preSolution
		Debug|Any CPU = Debug|Any CPU
		Release|Any CPU = Release|Any CPU
	EndGlobalSection
	GlobalSection(ProjectConfigurationPlatforms) = postSolution
		{37E7EBF0-943D-9F05-8EEA-ECD09B7CC68E}.Debug|Any CPU.ActiveCfg = Debug|Any CPU
		{37E7EBF0-943D-9F05-8EEA-ECD09B7CC68E}.Debug|Any CPU.Build.0 = Debug|Any CPU
		{37E7EBF0-943D-9F05-8EEA-ECD09B7CC68E}.Release|Any CPU.ActiveCfg = Release|Any CPU
		{37E7EBF0-943D-9F05-8EEA-ECD09B7CC68E}.Release|Any CPU.Build.0 = Release|Any CPU
	EndGlobalSection
	GlobalSection(SolutionProperties) = preSolution
		HideSolutionNode = FALSE
	EndGlobalSection
	GlobalSection(ExtensibilityGlobals) = postSolution
		SolutionGuid = {FD459BEF-B9A7-426F-8FFF-223E1E7C0BB2}
	EndGlobalSection
EndGlobal
